// !$*UTF8*$!
{
	archiveVersion = 1;
	classes = {
	};
	objectVersion = 56;
	objects = {

/* Begin PBXBuildFile section */
		EC5AA2B52ACC6A2F001545C9 /* AppDelegate.swift in Sources */ = {isa = PBXBuildFile; fileRef = EC5AA2B42ACC6A2F001545C9 /* AppDelegate.swift */; };
		EC5AA2B72ACC6A2F001545C9 /* SceneDelegate.swift in Sources */ = {isa = PBXBuildFile; fileRef = EC5AA2B62ACC6A2F001545C9 /* SceneDelegate.swift */; };
		EC5AA2BE2ACC6A31001545C9 /* Assets.xcassets in Resources */ = {isa = PBXBuildFile; fileRef = EC5AA2BD2ACC6A31001545C9 /* Assets.xcassets */; };
		EC5AA2C12ACC6A31001545C9 /* LaunchScreen.storyboard in Resources */ = {isa = PBXBuildFile; fileRef = EC5AA2BF2ACC6A31001545C9 /* LaunchScreen.storyboard */; };
		EC5AA2CA2ACC6AB9001545C9 /* SnapKit in Frameworks */ = {isa = PBXBuildFile; productRef = EC5AA2C92ACC6AB9001545C9 /* SnapKit */; };
		EC5AA2CC2ACC6AB9001545C9 /* SnapKit-Dynamic in Frameworks */ = {isa = PBXBuildFile; productRef = EC5AA2CB2ACC6AB9001545C9 /* SnapKit-Dynamic */; };
		EC5AA2DA2ACC6C8C001545C9 /* UIView+Ext.swift in Sources */ = {isa = PBXBuildFile; fileRef = EC5AA2D92ACC6C8C001545C9 /* UIView+Ext.swift */; };
		EC5AA2DC2ACC6CB9001545C9 /* UILabel+Ext.swift in Sources */ = {isa = PBXBuildFile; fileRef = EC5AA2DB2ACC6CB9001545C9 /* UILabel+Ext.swift */; };
		EC5AA2DE2ACC6CE0001545C9 /* TabBarController.swift in Sources */ = {isa = PBXBuildFile; fileRef = EC5AA2DD2ACC6CE0001545C9 /* TabBarController.swift */; };
		EC5AA2E02ACC6DE0001545C9 /* MoviesVC.swift in Sources */ = {isa = PBXBuildFile; fileRef = EC5AA2DF2ACC6DE0001545C9 /* MoviesVC.swift */; };
		EC5AA2E22ACD433B001545C9 /* ShowsVC.swift in Sources */ = {isa = PBXBuildFile; fileRef = EC5AA2E12ACD433B001545C9 /* ShowsVC.swift */; };
		EC5AA2E42ACD4346001545C9 /* SearchVC.swift in Sources */ = {isa = PBXBuildFile; fileRef = EC5AA2E32ACD4346001545C9 /* SearchVC.swift */; };
		EC5AA2E62ACD435E001545C9 /* WatchlistVC.swift in Sources */ = {isa = PBXBuildFile; fileRef = EC5AA2E52ACD435E001545C9 /* WatchlistVC.swift */; };
		EC5AA2E82ACD49EC001545C9 /* ApiUrls.swift in Sources */ = {isa = PBXBuildFile; fileRef = EC5AA2E72ACD49EC001545C9 /* ApiUrls.swift */; };
		EC5AA2EA2ACD756D001545C9 /* UIhelper.swift in Sources */ = {isa = PBXBuildFile; fileRef = EC5AA2E92ACD756C001545C9 /* UIhelper.swift */; };
		EC5AA2EC2ACD7603001545C9 /* Content.swift in Sources */ = {isa = PBXBuildFile; fileRef = EC5AA2EB2ACD7603001545C9 /* Content.swift */; };
		EC5AA2EE2ACD7769001545C9 /* GFTitleLabel.swift in Sources */ = {isa = PBXBuildFile; fileRef = EC5AA2ED2ACD7769001545C9 /* GFTitleLabel.swift */; };
		EC5AA2F02ACD7933001545C9 /* GFBodyLabel.swift in Sources */ = {isa = PBXBuildFile; fileRef = EC5AA2EF2ACD7933001545C9 /* GFBodyLabel.swift */; };
		EC5AA2F22ACD7A47001545C9 /* PaginationControl.swift in Sources */ = {isa = PBXBuildFile; fileRef = EC5AA2F12ACD7A47001545C9 /* PaginationControl.swift */; };
		EC5AA2F42ACD7A81001545C9 /* Constants.swift in Sources */ = {isa = PBXBuildFile; fileRef = EC5AA2F32ACD7A81001545C9 /* Constants.swift */; };
		EC5AA2F62ACD7D0D001545C9 /* CustomError.swift in Sources */ = {isa = PBXBuildFile; fileRef = EC5AA2F52ACD7D0D001545C9 /* CustomError.swift */; };
		EC5AA2F82ACD7D79001545C9 /* ContentDetail.swift in Sources */ = {isa = PBXBuildFile; fileRef = EC5AA2F72ACD7D79001545C9 /* ContentDetail.swift */; };
		EC5AA2FA2ACD7D85001545C9 /* CastModel.swift in Sources */ = {isa = PBXBuildFile; fileRef = EC5AA2F92ACD7D85001545C9 /* CastModel.swift */; };
		EC5AA2FC2ACD7D8D001545C9 /* SearchModel.swift in Sources */ = {isa = PBXBuildFile; fileRef = EC5AA2FB2ACD7D8D001545C9 /* SearchModel.swift */; };
		EC5AA2FE2ACD7D98001545C9 /* Person.swift in Sources */ = {isa = PBXBuildFile; fileRef = EC5AA2FD2ACD7D98001545C9 /* Person.swift */; };
		EC5AA3002ACD7DA2001545C9 /* PersonContent.swift in Sources */ = {isa = PBXBuildFile; fileRef = EC5AA2FF2ACD7DA2001545C9 /* PersonContent.swift */; };
		EC5AA3022ACD7DAB001545C9 /* Video.swift in Sources */ = {isa = PBXBuildFile; fileRef = EC5AA3012ACD7DAB001545C9 /* Video.swift */; };
		EC5AA3042ACDB592001545C9 /* Store.swift in Sources */ = {isa = PBXBuildFile; fileRef = EC5AA3032ACDB592001545C9 /* Store.swift */; };
		EC5AA3062ACDB9B6001545C9 /* NetworkManager.swift in Sources */ = {isa = PBXBuildFile; fileRef = EC5AA3052ACDB9B6001545C9 /* NetworkManager.swift */; };
/* End PBXBuildFile section */

/* Begin PBXFileReference section */
		EC5AA2B12ACC6A2F001545C9 /* MovieApp.app */ = {isa = PBXFileReference; explicitFileType = wrapper.application; includeInIndex = 0; path = MovieApp.app; sourceTree = BUILT_PRODUCTS_DIR; };
		EC5AA2B42ACC6A2F001545C9 /* AppDelegate.swift */ = {isa = PBXFileReference; lastKnownFileType = sourcecode.swift; path = AppDelegate.swift; sourceTree = "<group>"; };
		EC5AA2B62ACC6A2F001545C9 /* SceneDelegate.swift */ = {isa = PBXFileReference; lastKnownFileType = sourcecode.swift; path = SceneDelegate.swift; sourceTree = "<group>"; };
		EC5AA2BD2ACC6A31001545C9 /* Assets.xcassets */ = {isa = PBXFileReference; lastKnownFileType = folder.assetcatalog; path = Assets.xcassets; sourceTree = "<group>"; };
		EC5AA2C02ACC6A31001545C9 /* Base */ = {isa = PBXFileReference; lastKnownFileType = file.storyboard; name = Base; path = Base.lproj/LaunchScreen.storyboard; sourceTree = "<group>"; };
		EC5AA2C22ACC6A31001545C9 /* Info.plist */ = {isa = PBXFileReference; lastKnownFileType = text.plist.xml; path = Info.plist; sourceTree = "<group>"; };
		EC5AA2D92ACC6C8C001545C9 /* UIView+Ext.swift */ = {isa = PBXFileReference; lastKnownFileType = sourcecode.swift; path = "UIView+Ext.swift"; sourceTree = "<group>"; };
		EC5AA2DB2ACC6CB9001545C9 /* UILabel+Ext.swift */ = {isa = PBXFileReference; lastKnownFileType = sourcecode.swift; path = "UILabel+Ext.swift"; sourceTree = "<group>"; };
		EC5AA2DD2ACC6CE0001545C9 /* TabBarController.swift */ = {isa = PBXFileReference; lastKnownFileType = sourcecode.swift; path = TabBarController.swift; sourceTree = "<group>"; };
		EC5AA2DF2ACC6DE0001545C9 /* MoviesVC.swift */ = {isa = PBXFileReference; lastKnownFileType = sourcecode.swift; path = MoviesVC.swift; sourceTree = "<group>"; };
		EC5AA2E12ACD433B001545C9 /* ShowsVC.swift */ = {isa = PBXFileReference; lastKnownFileType = sourcecode.swift; path = ShowsVC.swift; sourceTree = "<group>"; };
		EC5AA2E32ACD4346001545C9 /* SearchVC.swift */ = {isa = PBXFileReference; lastKnownFileType = sourcecode.swift; path = SearchVC.swift; sourceTree = "<group>"; };
		EC5AA2E52ACD435E001545C9 /* WatchlistVC.swift */ = {isa = PBXFileReference; lastKnownFileType = sourcecode.swift; path = WatchlistVC.swift; sourceTree = "<group>"; };
		EC5AA2E72ACD49EC001545C9 /* ApiUrls.swift */ = {isa = PBXFileReference; lastKnownFileType = sourcecode.swift; path = ApiUrls.swift; sourceTree = "<group>"; };
		EC5AA2E92ACD756C001545C9 /* UIhelper.swift */ = {isa = PBXFileReference; lastKnownFileType = sourcecode.swift; path = UIhelper.swift; sourceTree = "<group>"; };
		EC5AA2EB2ACD7603001545C9 /* Content.swift */ = {isa = PBXFileReference; lastKnownFileType = sourcecode.swift; path = Content.swift; sourceTree = "<group>"; };
		EC5AA2ED2ACD7769001545C9 /* GFTitleLabel.swift */ = {isa = PBXFileReference; lastKnownFileType = sourcecode.swift; path = GFTitleLabel.swift; sourceTree = "<group>"; };
		EC5AA2EF2ACD7933001545C9 /* GFBodyLabel.swift */ = {isa = PBXFileReference; lastKnownFileType = sourcecode.swift; path = GFBodyLabel.swift; sourceTree = "<group>"; };
		EC5AA2F12ACD7A47001545C9 /* PaginationControl.swift */ = {isa = PBXFileReference; lastKnownFileType = sourcecode.swift; path = PaginationControl.swift; sourceTree = "<group>"; };
		EC5AA2F32ACD7A81001545C9 /* Constants.swift */ = {isa = PBXFileReference; lastKnownFileType = sourcecode.swift; path = Constants.swift; sourceTree = "<group>"; };
		EC5AA2F52ACD7D0D001545C9 /* CustomError.swift */ = {isa = PBXFileReference; lastKnownFileType = sourcecode.swift; path = CustomError.swift; sourceTree = "<group>"; };
		EC5AA2F72ACD7D79001545C9 /* ContentDetail.swift */ = {isa = PBXFileReference; lastKnownFileType = sourcecode.swift; path = ContentDetail.swift; sourceTree = "<group>"; };
		EC5AA2F92ACD7D85001545C9 /* CastModel.swift */ = {isa = PBXFileReference; lastKnownFileType = sourcecode.swift; path = CastModel.swift; sourceTree = "<group>"; };
		EC5AA2FB2ACD7D8D001545C9 /* SearchModel.swift */ = {isa = PBXFileReference; lastKnownFileType = sourcecode.swift; path = SearchModel.swift; sourceTree = "<group>"; };
		EC5AA2FD2ACD7D98001545C9 /* Person.swift */ = {isa = PBXFileReference; lastKnownFileType = sourcecode.swift; path = Person.swift; sourceTree = "<group>"; };
		EC5AA2FF2ACD7DA2001545C9 /* PersonContent.swift */ = {isa = PBXFileReference; lastKnownFileType = sourcecode.swift; path = PersonContent.swift; sourceTree = "<group>"; };
		EC5AA3012ACD7DAB001545C9 /* Video.swift */ = {isa = PBXFileReference; lastKnownFileType = sourcecode.swift; path = Video.swift; sourceTree = "<group>"; };
		EC5AA3032ACDB592001545C9 /* Store.swift */ = {isa = PBXFileReference; lastKnownFileType = sourcecode.swift; path = Store.swift; sourceTree = "<group>"; };
		EC5AA3052ACDB9B6001545C9 /* NetworkManager.swift */ = {isa = PBXFileReference; lastKnownFileType = sourcecode.swift; path = NetworkManager.swift; sourceTree = "<group>"; };
/* End PBXFileReference section */

/* Begin PBXFrameworksBuildPhase section */
		EC5AA2AE2ACC6A2E001545C9 /* Frameworks */ = {
			isa = PBXFrameworksBuildPhase;
			buildActionMask = 2147483647;
			files = (
				EC5AA2CA2ACC6AB9001545C9 /* SnapKit in Frameworks */,
				EC5AA2CC2ACC6AB9001545C9 /* SnapKit-Dynamic in Frameworks */,
			);
			runOnlyForDeploymentPostprocessing = 0;
		};
/* End PBXFrameworksBuildPhase section */

/* Begin PBXGroup section */
		EC5AA2A82ACC6A2E001545C9 = {
			isa = PBXGroup;
			children = (
				EC5AA2B32ACC6A2F001545C9 /* MovieApp */,
				EC5AA2B22ACC6A2F001545C9 /* Products */,
			);
			sourceTree = "<group>";
		};
		EC5AA2B22ACC6A2F001545C9 /* Products */ = {
			isa = PBXGroup;
			children = (
				EC5AA2B12ACC6A2F001545C9 /* MovieApp.app */,
			);
			name = Products;
			sourceTree = "<group>";
		};
		EC5AA2B32ACC6A2F001545C9 /* MovieApp */ = {
			isa = PBXGroup;
			children = (
				EC5AA2D82ACC6BE0001545C9 /* Extensions */,
				EC5AA2D72ACC6BD8001545C9 /* Utils */,
				EC5AA2D62ACC6BCF001545C9 /* Managers */,
				EC5AA2D52ACC6BBF001545C9 /* Models */,
				EC5AA2CF2ACC6B4B001545C9 /* CustomViews */,
				EC5AA2CE2ACC6B29001545C9 /* Screens */,
				EC5AA2CD2ACC6B0C001545C9 /* Support */,
				EC5AA2C22ACC6A31001545C9 /* Info.plist */,
			);
			path = MovieApp;
			sourceTree = "<group>";
		};
		EC5AA2CD2ACC6B0C001545C9 /* Support */ = {
			isa = PBXGroup;
			children = (
				EC5AA2B42ACC6A2F001545C9 /* AppDelegate.swift */,
				EC5AA2B62ACC6A2F001545C9 /* SceneDelegate.swift */,
				EC5AA2BD2ACC6A31001545C9 /* Assets.xcassets */,
				EC5AA2BF2ACC6A31001545C9 /* LaunchScreen.storyboard */,
			);
			path = Support;
			sourceTree = "<group>";
		};
		EC5AA2CE2ACC6B29001545C9 /* Screens */ = {
			isa = PBXGroup;
			children = (
				EC5AA2DF2ACC6DE0001545C9 /* MoviesVC.swift */,
				EC5AA2E12ACD433B001545C9 /* ShowsVC.swift */,
				EC5AA2E32ACD4346001545C9 /* SearchVC.swift */,
				EC5AA2E52ACD435E001545C9 /* WatchlistVC.swift */,
			);
			path = Screens;
			sourceTree = "<group>";
		};
		EC5AA2CF2ACC6B4B001545C9 /* CustomViews */ = {
			isa = PBXGroup;
			children = (
				EC5AA2D42ACC6BAD001545C9 /* Views */,
				EC5AA2D32ACC6BA3001545C9 /* ImageView */,
				EC5AA2D22ACC6B97001545C9 /* Labels */,
				EC5AA2D12ACC6B84001545C9 /* Cells */,
				EC5AA2D02ACC6B7A001545C9 /* ViewControllers */,
			);
			path = CustomViews;
			sourceTree = "<group>";
		};
		EC5AA2D02ACC6B7A001545C9 /* ViewControllers */ = {
			isa = PBXGroup;
			children = (
				EC5AA2DD2ACC6CE0001545C9 /* TabBarController.swift */,
			);
			path = ViewControllers;
			sourceTree = "<group>";
		};
		EC5AA2D12ACC6B84001545C9 /* Cells */ = {
			isa = PBXGroup;
			children = (
			);
			path = Cells;
			sourceTree = "<group>";
		};
		EC5AA2D22ACC6B97001545C9 /* Labels */ = {
			isa = PBXGroup;
			children = (
				EC5AA2ED2ACD7769001545C9 /* GFTitleLabel.swift */,
				EC5AA2EF2ACD7933001545C9 /* GFBodyLabel.swift */,
			);
			path = Labels;
			sourceTree = "<group>";
		};
		EC5AA2D32ACC6BA3001545C9 /* ImageView */ = {
			isa = PBXGroup;
			children = (
			);
			path = ImageView;
			sourceTree = "<group>";
		};
		EC5AA2D42ACC6BAD001545C9 /* Views */ = {
			isa = PBXGroup;
			children = (
			);
			path = Views;
			sourceTree = "<group>";
		};
		EC5AA2D52ACC6BBF001545C9 /* Models */ = {
			isa = PBXGroup;
			children = (
				EC5AA2EB2ACD7603001545C9 /* Content.swift */,
				EC5AA2F72ACD7D79001545C9 /* ContentDetail.swift */,
				EC5AA2F92ACD7D85001545C9 /* CastModel.swift */,
				EC5AA2FB2ACD7D8D001545C9 /* SearchModel.swift */,
				EC5AA2FD2ACD7D98001545C9 /* Person.swift */,
				EC5AA2FF2ACD7DA2001545C9 /* PersonContent.swift */,
				EC5AA3012ACD7DAB001545C9 /* Video.swift */,
			);
			path = Models;
			sourceTree = "<group>";
		};
		EC5AA2D62ACC6BCF001545C9 /* Managers */ = {
			isa = PBXGroup;
			children = (
				EC5AA3032ACDB592001545C9 /* Store.swift */,
				EC5AA3052ACDB9B6001545C9 /* NetworkManager.swift */,
			);
			path = Managers;
			sourceTree = "<group>";
		};
		EC5AA2D72ACC6BD8001545C9 /* Utils */ = {
			isa = PBXGroup;
			children = (
				EC5AA2E72ACD49EC001545C9 /* ApiUrls.swift */,
				EC5AA2E92ACD756C001545C9 /* UIhelper.swift */,
				EC5AA2F12ACD7A47001545C9 /* PaginationControl.swift */,
				EC5AA2F32ACD7A81001545C9 /* Constants.swift */,
				EC5AA2F52ACD7D0D001545C9 /* CustomError.swift */,
			);
			path = Utils;
			sourceTree = "<group>";
		};
		EC5AA2D82ACC6BE0001545C9 /* Extensions */ = {
			isa = PBXGroup;
			children = (
				EC5AA2D92ACC6C8C001545C9 /* UIView+Ext.swift */,
				EC5AA2DB2ACC6CB9001545C9 /* UILabel+Ext.swift */,
			);
			path = Extensions;
			sourceTree = "<group>";
		};
/* End PBXGroup section */

/* Begin PBXNativeTarget section */
		EC5AA2B02ACC6A2E001545C9 /* MovieApp */ = {
			isa = PBXNativeTarget;
			buildConfigurationList = EC5AA2C52ACC6A31001545C9 /* Build configuration list for PBXNativeTarget "MovieApp" */;
			buildPhases = (
				EC5AA2AD2ACC6A2E001545C9 /* Sources */,
				EC5AA2AE2ACC6A2E001545C9 /* Frameworks */,
				EC5AA2AF2ACC6A2E001545C9 /* Resources */,
			);
			buildRules = (
			);
			dependencies = (
			);
			name = MovieApp;
			packageProductDependencies = (
				EC5AA2C92ACC6AB9001545C9 /* SnapKit */,
				EC5AA2CB2ACC6AB9001545C9 /* SnapKit-Dynamic */,
			);
			productName = MovieApp;
			productReference = EC5AA2B12ACC6A2F001545C9 /* MovieApp.app */;
			productType = "com.apple.product-type.application";
		};
/* End PBXNativeTarget section */

/* Begin PBXProject section */
		EC5AA2A92ACC6A2E001545C9 /* Project object */ = {
			isa = PBXProject;
			attributes = {
				BuildIndependentTargetsInParallel = 1;
				LastSwiftUpdateCheck = 1500;
				LastUpgradeCheck = 1500;
				TargetAttributes = {
					EC5AA2B02ACC6A2E001545C9 = {
						CreatedOnToolsVersion = 15.0;
					};
				};
			};
			buildConfigurationList = EC5AA2AC2ACC6A2E001545C9 /* Build configuration list for PBXProject "MovieApp" */;
			compatibilityVersion = "Xcode 14.0";
			developmentRegion = en;
			hasScannedForEncodings = 0;
			knownRegions = (
				en,
				Base,
			);
			mainGroup = EC5AA2A82ACC6A2E001545C9;
			packageReferences = (
				EC5AA2C82ACC6AB9001545C9 /* XCRemoteSwiftPackageReference "SnapKit" */,
			);
			productRefGroup = EC5AA2B22ACC6A2F001545C9 /* Products */;
			projectDirPath = "";
			projectRoot = "";
			targets = (
				EC5AA2B02ACC6A2E001545C9 /* MovieApp */,
			);
		};
/* End PBXProject section */

/* Begin PBXResourcesBuildPhase section */
		EC5AA2AF2ACC6A2E001545C9 /* Resources */ = {
			isa = PBXResourcesBuildPhase;
			buildActionMask = 2147483647;
			files = (
				EC5AA2C12ACC6A31001545C9 /* LaunchScreen.storyboard in Resources */,
				EC5AA2BE2ACC6A31001545C9 /* Assets.xcassets in Resources */,
			);
			runOnlyForDeploymentPostprocessing = 0;
		};
/* End PBXResourcesBuildPhase section */

/* Begin PBXSourcesBuildPhase section */
		EC5AA2AD2ACC6A2E001545C9 /* Sources */ = {
			isa = PBXSourcesBuildPhase;
			buildActionMask = 2147483647;
			files = (
				EC5AA2F82ACD7D79001545C9 /* ContentDetail.swift in Sources */,
				EC5AA2E62ACD435E001545C9 /* WatchlistVC.swift in Sources */,
				EC5AA2E42ACD4346001545C9 /* SearchVC.swift in Sources */,
				EC5AA3042ACDB592001545C9 /* Store.swift in Sources */,
				EC5AA2FC2ACD7D8D001545C9 /* SearchModel.swift in Sources */,
				EC5AA2F62ACD7D0D001545C9 /* CustomError.swift in Sources */,
				EC5AA2E22ACD433B001545C9 /* ShowsVC.swift in Sources */,
				EC5AA2F42ACD7A81001545C9 /* Constants.swift in Sources */,
				EC5AA2B52ACC6A2F001545C9 /* AppDelegate.swift in Sources */,
				EC5AA2E82ACD49EC001545C9 /* ApiUrls.swift in Sources */,
				EC5AA2B72ACC6A2F001545C9 /* SceneDelegate.swift in Sources */,
				EC5AA2EA2ACD756D001545C9 /* UIhelper.swift in Sources */,
				EC5AA2DC2ACC6CB9001545C9 /* UILabel+Ext.swift in Sources */,
				EC5AA3022ACD7DAB001545C9 /* Video.swift in Sources */,
				EC5AA2DE2ACC6CE0001545C9 /* TabBarController.swift in Sources */,
				EC5AA2DA2ACC6C8C001545C9 /* UIView+Ext.swift in Sources */,
				EC5AA3002ACD7DA2001545C9 /* PersonContent.swift in Sources */,
				EC5AA2FA2ACD7D85001545C9 /* CastModel.swift in Sources */,
				EC5AA2EE2ACD7769001545C9 /* GFTitleLabel.swift in Sources */,
				EC5AA2F22ACD7A47001545C9 /* PaginationControl.swift in Sources */,
				EC5AA2F02ACD7933001545C9 /* GFBodyLabel.swift in Sources */,
				EC5AA2FE2ACD7D98001545C9 /* Person.swift in Sources */,
				EC5AA3062ACDB9B6001545C9 /* NetworkManager.swift in Sources */,
				EC5AA2E02ACC6DE0001545C9 /* MoviesVC.swift in Sources */,
				EC5AA2EC2ACD7603001545C9 /* Content.swift in Sources */,
			);
			runOnlyForDeploymentPostprocessing = 0;
		};
/* End PBXSourcesBuildPhase section */

/* Begin PBXVariantGroup section */
		EC5AA2BF2ACC6A31001545C9 /* LaunchScreen.storyboard */ = {
			isa = PBXVariantGroup;
			children = (
				EC5AA2C02ACC6A31001545C9 /* Base */,
			);
			name = LaunchScreen.storyboard;
			sourceTree = "<group>";
		};
/* End PBXVariantGroup section */

/* Begin XCBuildConfiguration section */
		EC5AA2C32ACC6A31001545C9 /* Debug */ = {
			isa = XCBuildConfiguration;
			buildSettings = {
				ALWAYS_SEARCH_USER_PATHS = NO;
				ASSETCATALOG_COMPILER_GENERATE_SWIFT_ASSET_SYMBOL_EXTENSIONS = YES;
				CLANG_ANALYZER_NONNULL = YES;
				CLANG_ANALYZER_NUMBER_OBJECT_CONVERSION = YES_AGGRESSIVE;
				CLANG_CXX_LANGUAGE_STANDARD = "gnu++20";
				CLANG_ENABLE_MODULES = YES;
				CLANG_ENABLE_OBJC_ARC = YES;
				CLANG_ENABLE_OBJC_WEAK = YES;
				CLANG_WARN_BLOCK_CAPTURE_AUTORELEASING = YES;
				CLANG_WARN_BOOL_CONVERSION = YES;
				CLANG_WARN_COMMA = YES;
				CLANG_WARN_CONSTANT_CONVERSION = YES;
				CLANG_WARN_DEPRECATED_OBJC_IMPLEMENTATIONS = YES;
				CLANG_WARN_DIRECT_OBJC_ISA_USAGE = YES_ERROR;
				CLANG_WARN_DOCUMENTATION_COMMENTS = YES;
				CLANG_WARN_EMPTY_BODY = YES;
				CLANG_WARN_ENUM_CONVERSION = YES;
				CLANG_WARN_INFINITE_RECURSION = YES;
				CLANG_WARN_INT_CONVERSION = YES;
				CLANG_WARN_NON_LITERAL_NULL_CONVERSION = YES;
				CLANG_WARN_OBJC_IMPLICIT_RETAIN_SELF = YES;
				CLANG_WARN_OBJC_LITERAL_CONVERSION = YES;
				CLANG_WARN_OBJC_ROOT_CLASS = YES_ERROR;
				CLANG_WARN_QUOTED_INCLUDE_IN_FRAMEWORK_HEADER = YES;
				CLANG_WARN_RANGE_LOOP_ANALYSIS = YES;
				CLANG_WARN_STRICT_PROTOTYPES = YES;
				CLANG_WARN_SUSPICIOUS_MOVE = YES;
				CLANG_WARN_UNGUARDED_AVAILABILITY = YES_AGGRESSIVE;
				CLANG_WARN_UNREACHABLE_CODE = YES;
				CLANG_WARN__DUPLICATE_METHOD_MATCH = YES;
				COPY_PHASE_STRIP = NO;
				DEBUG_INFORMATION_FORMAT = dwarf;
				ENABLE_STRICT_OBJC_MSGSEND = YES;
				ENABLE_TESTABILITY = YES;
				ENABLE_USER_SCRIPT_SANDBOXING = YES;
				GCC_C_LANGUAGE_STANDARD = gnu17;
				GCC_DYNAMIC_NO_PIC = NO;
				GCC_NO_COMMON_BLOCKS = YES;
				GCC_OPTIMIZATION_LEVEL = 0;
				GCC_PREPROCESSOR_DEFINITIONS = (
					"DEBUG=1",
					"$(inherited)",
				);
				GCC_WARN_64_TO_32_BIT_CONVERSION = YES;
				GCC_WARN_ABOUT_RETURN_TYPE = YES_ERROR;
				GCC_WARN_UNDECLARED_SELECTOR = YES;
				GCC_WARN_UNINITIALIZED_AUTOS = YES_AGGRESSIVE;
				GCC_WARN_UNUSED_FUNCTION = YES;
				GCC_WARN_UNUSED_VARIABLE = YES;
				IPHONEOS_DEPLOYMENT_TARGET = 17.0;
				LOCALIZATION_PREFERS_STRING_CATALOGS = YES;
				MTL_ENABLE_DEBUG_INFO = INCLUDE_SOURCE;
				MTL_FAST_MATH = YES;
				ONLY_ACTIVE_ARCH = YES;
				SDKROOT = iphoneos;
				SWIFT_ACTIVE_COMPILATION_CONDITIONS = "DEBUG $(inherited)";
				SWIFT_OPTIMIZATION_LEVEL = "-Onone";
			};
			name = Debug;
		};
		EC5AA2C42ACC6A31001545C9 /* Release */ = {
			isa = XCBuildConfiguration;
			buildSettings = {
				ALWAYS_SEARCH_USER_PATHS = NO;
				ASSETCATALOG_COMPILER_GENERATE_SWIFT_ASSET_SYMBOL_EXTENSIONS = YES;
				CLANG_ANALYZER_NONNULL = YES;
				CLANG_ANALYZER_NUMBER_OBJECT_CONVERSION = YES_AGGRESSIVE;
				CLANG_CXX_LANGUAGE_STANDARD = "gnu++20";
				CLANG_ENABLE_MODULES = YES;
				CLANG_ENABLE_OBJC_ARC = YES;
				CLANG_ENABLE_OBJC_WEAK = YES;
				CLANG_WARN_BLOCK_CAPTURE_AUTORELEASING = YES;
				CLANG_WARN_BOOL_CONVERSION = YES;
				CLANG_WARN_COMMA = YES;
				CLANG_WARN_CONSTANT_CONVERSION = YES;
				CLANG_WARN_DEPRECATED_OBJC_IMPLEMENTATIONS = YES;
				CLANG_WARN_DIRECT_OBJC_ISA_USAGE = YES_ERROR;
				CLANG_WARN_DOCUMENTATION_COMMENTS = YES;
				CLANG_WARN_EMPTY_BODY = YES;
				CLANG_WARN_ENUM_CONVERSION = YES;
				CLANG_WARN_INFINITE_RECURSION = YES;
				CLANG_WARN_INT_CONVERSION = YES;
				CLANG_WARN_NON_LITERAL_NULL_CONVERSION = YES;
				CLANG_WARN_OBJC_IMPLICIT_RETAIN_SELF = YES;
				CLANG_WARN_OBJC_LITERAL_CONVERSION = YES;
				CLANG_WARN_OBJC_ROOT_CLASS = YES_ERROR;
				CLANG_WARN_QUOTED_INCLUDE_IN_FRAMEWORK_HEADER = YES;
				CLANG_WARN_RANGE_LOOP_ANALYSIS = YES;
				CLANG_WARN_STRICT_PROTOTYPES = YES;
				CLANG_WARN_SUSPICIOUS_MOVE = YES;
				CLANG_WARN_UNGUARDED_AVAILABILITY = YES_AGGRESSIVE;
				CLANG_WARN_UNREACHABLE_CODE = YES;
				CLANG_WARN__DUPLICATE_METHOD_MATCH = YES;
				COPY_PHASE_STRIP = NO;
				DEBUG_INFORMATION_FORMAT = "dwarf-with-dsym";
				ENABLE_NS_ASSERTIONS = NO;
				ENABLE_STRICT_OBJC_MSGSEND = YES;
				ENABLE_USER_SCRIPT_SANDBOXING = YES;
				GCC_C_LANGUAGE_STANDARD = gnu17;
				GCC_NO_COMMON_BLOCKS = YES;
				GCC_WARN_64_TO_32_BIT_CONVERSION = YES;
				GCC_WARN_ABOUT_RETURN_TYPE = YES_ERROR;
				GCC_WARN_UNDECLARED_SELECTOR = YES;
				GCC_WARN_UNINITIALIZED_AUTOS = YES_AGGRESSIVE;
				GCC_WARN_UNUSED_FUNCTION = YES;
				GCC_WARN_UNUSED_VARIABLE = YES;
				IPHONEOS_DEPLOYMENT_TARGET = 17.0;
				LOCALIZATION_PREFERS_STRING_CATALOGS = YES;
				MTL_ENABLE_DEBUG_INFO = NO;
				MTL_FAST_MATH = YES;
				SDKROOT = iphoneos;
				SWIFT_COMPILATION_MODE = wholemodule;
				VALIDATE_PRODUCT = YES;
			};
			name = Release;
		};
		EC5AA2C62ACC6A31001545C9 /* Debug */ = {
			isa = XCBuildConfiguration;
			buildSettings = {
				ASSETCATALOG_COMPILER_APPICON_NAME = AppIcon;
				ASSETCATALOG_COMPILER_GLOBAL_ACCENT_COLOR_NAME = AccentColor;
				CODE_SIGN_STYLE = Automatic;
				CURRENT_PROJECT_VERSION = 1;
				DEVELOPMENT_TEAM = 3KRQW7JR73;
				GENERATE_INFOPLIST_FILE = YES;
				INFOPLIST_FILE = MovieApp/Info.plist;
				INFOPLIST_KEY_UIApplicationSupportsIndirectInputEvents = YES;
				INFOPLIST_KEY_UILaunchStoryboardName = LaunchScreen;
				INFOPLIST_KEY_UISupportedInterfaceOrientations_iPad = "UIInterfaceOrientationPortrait UIInterfaceOrientationPortraitUpsideDown UIInterfaceOrientationLandscapeLeft UIInterfaceOrientationLandscapeRight";
				INFOPLIST_KEY_UISupportedInterfaceOrientations_iPhone = "UIInterfaceOrientationPortrait UIInterfaceOrientationLandscapeLeft UIInterfaceOrientationLandscapeRight";
				LD_RUNPATH_SEARCH_PATHS = (
					"$(inherited)",
					"@executable_path/Frameworks",
				);
				MARKETING_VERSION = 1.0;
				PRODUCT_BUNDLE_IDENTIFIER = enes.MovieApp;
				PRODUCT_NAME = "$(TARGET_NAME)";
				SUPPORTED_PLATFORMS = "iphoneos iphonesimulator";
				SUPPORTS_MACCATALYST = NO;
				SUPPORTS_MAC_DESIGNED_FOR_IPHONE_IPAD = NO;
				SWIFT_EMIT_LOC_STRINGS = YES;
				SWIFT_VERSION = 5.0;
				TARGETED_DEVICE_FAMILY = 1;
			};
			name = Debug;
		};
		EC5AA2C72ACC6A31001545C9 /* Release */ = {
			isa = XCBuildConfiguration;
			buildSettings = {
				ASSETCATALOG_COMPILER_APPICON_NAME = AppIcon;
				ASSETCATALOG_COMPILER_GLOBAL_ACCENT_COLOR_NAME = AccentColor;
				CODE_SIGN_STYLE = Automatic;
				CURRENT_PROJECT_VERSION = 1;
				DEVELOPMENT_TEAM = 3KRQW7JR73;
				GENERATE_INFOPLIST_FILE = YES;
				INFOPLIST_FILE = MovieApp/Info.plist;
				INFOPLIST_KEY_UIApplicationSupportsIndirectInputEvents = YES;
				INFOPLIST_KEY_UILaunchStoryboardName = LaunchScreen;
				INFOPLIST_KEY_UISupportedInterfaceOrientations_iPad = "UIInterfaceOrientationPortrait UIInterfaceOrientationPortraitUpsideDown UIInterfaceOrientationLandscapeLeft UIInterfaceOrientationLandscapeRight";
				INFOPLIST_KEY_UISupportedInterfaceOrientations_iPhone = "UIInterfaceOrientationPortrait UIInterfaceOrientationLandscapeLeft UIInterfaceOrientationLandscapeRight";
				LD_RUNPATH_SEARCH_PATHS = (
					"$(inherited)",
					"@executable_path/Frameworks",
				);
				MARKETING_VERSION = 1.0;
				PRODUCT_BUNDLE_IDENTIFIER = enes.MovieApp;
				PRODUCT_NAME = "$(TARGET_NAME)";
				SUPPORTED_PLATFORMS = "iphoneos iphonesimulator";
				SUPPORTS_MACCATALYST = NO;
				SUPPORTS_MAC_DESIGNED_FOR_IPHONE_IPAD = NO;
				SWIFT_EMIT_LOC_STRINGS = YES;
				SWIFT_VERSION = 5.0;
				TARGETED_DEVICE_FAMILY = 1;
			};
			name = Release;
		};
/* End XCBuildConfiguration section */

/* Begin XCConfigurationList section */
		EC5AA2AC2ACC6A2E001545C9 /* Build configuration list for PBXProject "MovieApp" */ = {
			isa = XCConfigurationList;
			buildConfigurations = (
				EC5AA2C32ACC6A31001545C9 /* Debug */,
				EC5AA2C42ACC6A31001545C9 /* Release */,
			);
			defaultConfigurationIsVisible = 0;
			defaultConfigurationName = Release;
		};
		EC5AA2C52ACC6A31001545C9 /* Build configuration list for PBXNativeTarget "MovieApp" */ = {
			isa = XCConfigurationList;
			buildConfigurations = (
				EC5AA2C62ACC6A31001545C9 /* Debug */,
				EC5AA2C72ACC6A31001545C9 /* Release */,
			);
			defaultConfigurationIsVisible = 0;
			defaultConfigurationName = Release;
		};
/* End XCConfigurationList section */

/* Begin XCRemoteSwiftPackageReference section */
		EC5AA2C82ACC6AB9001545C9 /* XCRemoteSwiftPackageReference "SnapKit" */ = {
			isa = XCRemoteSwiftPackageReference;
			repositoryURL = "https://github.com/SnapKit/SnapKit.git";
			requirement = {
				kind = upToNextMinorVersion;
				minimumVersion = 5.6.0;
			};
		};
/* End XCRemoteSwiftPackageReference section */

/* Begin XCSwiftPackageProductDependency section */
		EC5AA2C92ACC6AB9001545C9 /* SnapKit */ = {
			isa = XCSwiftPackageProductDependency;
			package = EC5AA2C82ACC6AB9001545C9 /* XCRemoteSwiftPackageReference "SnapKit" */;
			productName = SnapKit;
		};
		EC5AA2CB2ACC6AB9001545C9 /* SnapKit-Dynamic */ = {
			isa = XCSwiftPackageProductDependency;
			package = EC5AA2C82ACC6AB9001545C9 /* XCRemoteSwiftPackageReference "SnapKit" */;
			productName = "SnapKit-Dynamic";
		};
/* End XCSwiftPackageProductDependency section */
	};
	rootObject = EC5AA2A92ACC6A2E001545C9 /* Project object */;
}
